Microsoft Visual Studio Solution File, Format Version 12.00
# Visual Studio Version 17
VisualStudioVersion = 17.5.2.0
MinimumVisualStudioVersion = 10.0.40219.1
Project("{FAE04EC0-301F-11D3-BF4B-00C04F79EFBC}") = "EncryptionApi.Api", "EncryptionApi.Api\EncryptionApi.Api.csproj", "{DC02329B-9B5A-E373-0CF7-307EED43F63B}"
EndProject
Global
	GlobalSection(SolutionConfigurationPlatforms) = preSolution
		Debug|Any CPU = Debug|Any CPU
		Release|Any CPU = Release|Any CPU
	EndGlobalSection
	GlobalSection(ProjectConfigurationPlatforms) = postSolution
		{DC02329B-9B5A-E373-0CF7-307EED43F63B}.Debug|Any CPU.ActiveCfg = Debug|Any CPU
		{DC02329B-9B5A-E373-0CF7-307EED43F63B}.Debug|Any CPU.Build.0 = Debug|Any CPU
		{DC02329B-9B5A-E373-0CF7-307EED43F63B}.Release|Any CPU.ActiveCfg = Release|Any CPU
		{DC02329B-9B5A-E373-0CF7-307EED43F63B}.Release|Any CPU.Build.0 = Release|Any CPU
	EndGlobalSection
	GlobalSection(SolutionProperties) = preSolution
		HideSolutionNode = FALSE
	EndGlobalSection
	GlobalSection(ExtensibilityGlobals) = postSolution
		SolutionGuid = {16E9855B-E490-437D-9EC4-B0DC3F38ED9A}
	EndGlobalSection
EndGlobal
